
Microsoft Visual Studio Solution File, Format Version 12.00
# Visual Studio Version 17
VisualStudioVersion = 17.9.34723.18
MinimumVisualStudioVersion = 10.0.40219.1
Project("{FAE04EC0-301F-11D3-BF4B-00C04F79EFBC}") = "OpenMediaWebApi", "OpenMediaWebApi\OpenMediaWebApi.csproj", "{3D345618-3652-40E6-BF43-BAE09B9E66B7}"
EndProject
Global
	GlobalSection(SolutionConfigurationPlatforms) = preSolution
		Debug|Any CPU = Debug|Any CPU
		Release|Any CPU = Release|Any CPU
	EndGlobalSection
	GlobalSection(ProjectConfigurationPlatforms) = postSolution
		{3D345618-3652-40E6-BF43-BAE09B9E66B7}.Debug|Any CPU.ActiveCfg = Debug|Any CPU
		{3D345618-3652-40E6-BF43-BAE09B9E66B7}.Debug|Any CPU.Build.0 = Debug|Any CPU
		{3D345618-3652-40E6-BF43-BAE09B9E66B7}.Release|Any CPU.ActiveCfg = Release|Any CPU
		{3D345618-3652-40E6-BF43-BAE09B9E66B7}.Release|Any CPU.Build.0 = Release|Any CPU
	EndGlobalSection
	GlobalSection(SolutionProperties) = preSolution
		HideSolutionNode = FALSE
	EndGlobalSection
	GlobalSection(ExtensibilityGlobals) = postSolution
		SolutionGuid = {EC8A1373-3BCE-4F9B-BCD5-762E91D225BB}
	EndGlobalSection
EndGlobal
